
Microsoft Visual Studio Solution File, Format Version 12.00
# Visual Studio Version 16
VisualStudioVersion = 16.0.30611.23
MinimumVisualStudioVersion = 10.0.40219.1
Project("{FAE04EC0-301F-11D3-BF4B-00C04F79EFBC}") = "LAB3-NETD3203-ANDRE-AGRIPPA", "LAB3-NETD3203-ANDRE-AGRIPPA\LAB3-NETD3203-ANDRE-AGRIPPA.csproj", "{4CE3407A-E37B-458E-A330-1C82460F21C6}"
EndProject
Global
	GlobalSection(SolutionConfigurationPlatforms) = preSolution
		Debug|Any CPU = Debug|Any CPU
		Release|Any CPU = Release|Any CPU
	EndGlobalSection
	GlobalSection(ProjectConfigurationPlatforms) = postSolution
		{4CE3407A-E37B-458E-A330-1C82460F21C6}.Debug|Any CPU.ActiveCfg = Debug|Any CPU
		{4CE3407A-E37B-458E-A330-1C82460F21C6}.Debug|Any CPU.Build.0 = Debug|Any CPU
		{4CE3407A-E37B-458E-A330-1C82460F21C6}.Release|Any CPU.ActiveCfg = Release|Any CPU
		{4CE3407A-E37B-458E-A330-1C82460F21C6}.Release|Any CPU.Build.0 = Release|Any CPU
	EndGlobalSection
	GlobalSection(SolutionProperties) = preSolution
		HideSolutionNode = FALSE
	EndGlobalSection
	GlobalSection(ExtensibilityGlobals) = postSolution
		SolutionGuid = {1E583F32-DB4F-468C-ABE4-87E27DE54AC9}
	EndGlobalSection
EndGlobal
